<Solution>
  <Folder Name="/docker/">
    <File Path=".env" />
    <File Path="compose.withENV.yaml" />
    <File Path="compose.yaml" />
  </Folder>
  <Folder Name="/MySQL/">
    <File Path="create_db_MySQL.sql" />
    <File Path="fill_db.sql" />
  </Folder>
  <Folder Name="/other/">
    <File Path=".gitignore" />
  </Folder>
  <Folder Name="/PostgresSQL/">
    <File Path="create_db.sql" />
    <File Path="fill_db.sql" />
  </Folder>
  <Project Path="DZ.EKZ/DZ.EKZ.csproj" />
</Solution>
